# THIS IS AN AUTOGENERATED FILE. DO NOT EDIT THIS FILE DIRECTLY.
# yarn lockfile v1


consola@^2.9.0:
  version "2.9.0"
  resolved "https://registry.yarnpkg.com/consola/-/consola-2.9.0.tgz#57760e3a65a53ec27337f4add31505802d902278"
  integrity sha512-34Iue+LRcWbndFIfZc5boNizWlsrRjqIBJZTe591vImgbnq7nx2EzlrLtANj9TH2Fxm7puFJBJAOk5BhvZOddQ==

moment@^2.29.2:
  version "2.29.2"
  resolved "https://registry.yarnpkg.com/moment/-/moment-2.29.2.tgz#00910c60b20843bcba52d37d58c628b47b1f20e4"
  integrity sha512-UgzG4rvxYpN15jgCmVJwac49h9ly9NurikMWGPdVxm8GZD6XjkKPxDTjQQ43gtGgnV3X0cAyWDdP2Wexoquifg==
