# THIS IS AN AUTOGENERATED FILE. DO NOT EDIT THIS FILE DIRECTLY.
# yarn lockfile v1


consola@^2.9.0:
  version "2.9.0"
  resolved "https://registry.yarnpkg.com/consola/-/consola-2.9.0.tgz#57760e3a65a53ec27337f4add31505802d902278"
  integrity sha512-34Iue+LRcWbndFIfZc5boNizWlsrRjqIBJZTe591vImgbnq7nx2EzlrLtANj9TH2Fxm7puFJBJAOk5BhvZOddQ==

moment@^2.29.4:
  version "2.29.4"
  resolved "https://registry.yarnpkg.com/moment/-/moment-2.29.4.tgz#3dbe052889fe7c1b2ed966fcb3a77328964ef108"
  integrity sha512-5LC9SOxjSc2HF6vO2CyuTDNivEdoz2IvyJJGj6X8DJ0eFyfszE0QiEd+iXmBvUP3WHxSjFH/vIsA0EN00cgr8w==
